// !$*UTF8*$!
{
	archiveVersion = 1;
	classes = {
	};
	objectVersion = 48;
	objects = {

/* Begin PBXBuildFile section */
		5268856AA9CE2D89DD19084D /* Pods_LiveSDK_iOS.framework in Frameworks */ = {isa = PBXBuildFile; fileRef = 077E47FCB4E15CBBB39E4B59 /* Pods_LiveSDK_iOS.framework */; };
		6737C7331FCD3DD9003BF21A /* AppDelegate.m in Sources */ = {isa = PBXBuildFile; fileRef = 6737C7321FCD3DD9003BF21A /* AppDelegate.m */; };
		6737C7361FCD3DD9003BF21A /* ViewController.m in Sources */ = {isa = PBXBuildFile; fileRef = 6737C7351FCD3DD9003BF21A /* ViewController.m */; };
		6737C7391FCD3DD9003BF21A /* Main.storyboard in Resources */ = {isa = PBXBuildFile; fileRef = 6737C7371FCD3DD9003BF21A /* Main.storyboard */; };
		6737C73B1FCD3DD9003BF21A /* Assets.xcassets in Resources */ = {isa = PBXBuildFile; fileRef = 6737C73A1FCD3DD9003BF21A /* Assets.xcassets */; };
		6737C73E1FCD3DD9003BF21A /* LaunchScreen.storyboard in Resources */ = {isa = PBXBuildFile; fileRef = 6737C73C1FCD3DD9003BF21A /* LaunchScreen.storyboard */; };
		6737C7411FCD3DD9003BF21A /* main.m in Sources */ = {isa = PBXBuildFile; fileRef = 6737C7401FCD3DD9003BF21A /* main.m */; };
		6737C7491FCD4F89003BF21A /* PLVLiveSDK.framework in Frameworks */ = {isa = PBXBuildFile; fileRef = 6737C7481FCD4F89003BF21A /* PLVLiveSDK.framework */; };
/* End PBXBuildFile section */

/* Begin PBXFileReference section */
		077E47FCB4E15CBBB39E4B59 /* Pods_LiveSDK_iOS.framework */ = {isa = PBXFileReference; explicitFileType = wrapper.framework; includeInIndex = 0; path = Pods_LiveSDK_iOS.framework; sourceTree = BUILT_PRODUCTS_DIR; };
		6737C72E1FCD3DD9003BF21A /* LiveSDK-iOS.app */ = {isa = PBXFileReference; explicitFileType = wrapper.application; includeInIndex = 0; path = "LiveSDK-iOS.app"; sourceTree = BUILT_PRODUCTS_DIR; };
		6737C7311FCD3DD9003BF21A /* AppDelegate.h */ = {isa = PBXFileReference; lastKnownFileType = sourcecode.c.h; path = AppDelegate.h; sourceTree = "<group>"; };
		6737C7321FCD3DD9003BF21A /* AppDelegate.m */ = {isa = PBXFileReference; lastKnownFileType = sourcecode.c.objc; path = AppDelegate.m; sourceTree = "<group>"; };
		6737C7341FCD3DD9003BF21A /* ViewController.h */ = {isa = PBXFileReference; lastKnownFileType = sourcecode.c.h; path = ViewController.h; sourceTree = "<group>"; };
		6737C7351FCD3DD9003BF21A /* ViewController.m */ = {isa = PBXFileReference; lastKnownFileType = sourcecode.c.objc; path = ViewController.m; sourceTree = "<group>"; };
		6737C7381FCD3DD9003BF21A /* Base */ = {isa = PBXFileReference; lastKnownFileType = file.storyboard; name = Base; path = Base.lproj/Main.storyboard; sourceTree = "<group>"; };
		6737C73A1FCD3DD9003BF21A /* Assets.xcassets */ = {isa = PBXFileReference; lastKnownFileType = folder.assetcatalog; path = Assets.xcassets; sourceTree = "<group>"; };
		6737C73D1FCD3DD9003BF21A /* Base */ = {isa = PBXFileReference; lastKnownFileType = file.storyboard; name = Base; path = Base.lproj/LaunchScreen.storyboard; sourceTree = "<group>"; };
		6737C73F1FCD3DD9003BF21A /* Info.plist */ = {isa = PBXFileReference; lastKnownFileType = text.plist.xml; path = Info.plist; sourceTree = "<group>"; };
		6737C7401FCD3DD9003BF21A /* main.m */ = {isa = PBXFileReference; lastKnownFileType = sourcecode.c.objc; path = main.m; sourceTree = "<group>"; };
		6737C7481FCD4F89003BF21A /* PLVLiveSDK.framework */ = {isa = PBXFileReference; lastKnownFileType = wrapper.framework; path = PLVLiveSDK.framework; sourceTree = "<group>"; };
		95D932CE18BF03E363DE3C71 /* Pods-LiveSDK-iOS.release.xcconfig */ = {isa = PBXFileReference; includeInIndex = 1; lastKnownFileType = text.xcconfig; name = "Pods-LiveSDK-iOS.release.xcconfig"; path = "Pods/Target Support Files/Pods-LiveSDK-iOS/Pods-LiveSDK-iOS.release.xcconfig"; sourceTree = "<group>"; };
		F99CF2AC7CEA450E2313C2E7 /* Pods-LiveSDK-iOS.debug.xcconfig */ = {isa = PBXFileReference; includeInIndex = 1; lastKnownFileType = text.xcconfig; name = "Pods-LiveSDK-iOS.debug.xcconfig"; path = "Pods/Target Support Files/Pods-LiveSDK-iOS/Pods-LiveSDK-iOS.debug.xcconfig"; sourceTree = "<group>"; };
/* End PBXFileReference section */

/* Begin PBXFrameworksBuildPhase section */
		6737C72B1FCD3DD9003BF21A /* Frameworks */ = {
			isa = PBXFrameworksBuildPhase;
			buildActionMask = 2147483647;
			files = (
				6737C7491FCD4F89003BF21A /* PLVLiveSDK.framework in Frameworks */,
				5268856AA9CE2D89DD19084D /* Pods_LiveSDK_iOS.framework in Frameworks */,
			);
			runOnlyForDeploymentPostprocessing = 0;
		};
/* End PBXFrameworksBuildPhase section */

/* Begin PBXGroup section */
		454116D175D539B0EC36EC77 /* Pods */ = {
			isa = PBXGroup;
			children = (
				F99CF2AC7CEA450E2313C2E7 /* Pods-LiveSDK-iOS.debug.xcconfig */,
				95D932CE18BF03E363DE3C71 /* Pods-LiveSDK-iOS.release.xcconfig */,
			);
			name = Pods;
			sourceTree = "<group>";
		};
		6737C7251FCD3DD9003BF21A = {
			isa = PBXGroup;
			children = (
				6737C7471FCD4F89003BF21A /* Frameworks */,
				6737C7301FCD3DD9003BF21A /* LiveSDK-iOS */,
				6737C72F1FCD3DD9003BF21A /* Products */,
				454116D175D539B0EC36EC77 /* Pods */,
			);
			sourceTree = "<group>";
		};
		6737C72F1FCD3DD9003BF21A /* Products */ = {
			isa = PBXGroup;
			children = (
				6737C72E1FCD3DD9003BF21A /* LiveSDK-iOS.app */,
			);
			name = Products;
			sourceTree = "<group>";
		};
		6737C7301FCD3DD9003BF21A /* LiveSDK-iOS */ = {
			isa = PBXGroup;
			children = (
				6737C7311FCD3DD9003BF21A /* AppDelegate.h */,
				6737C7321FCD3DD9003BF21A /* AppDelegate.m */,
				6737C7341FCD3DD9003BF21A /* ViewController.h */,
				6737C7351FCD3DD9003BF21A /* ViewController.m */,
				6737C7371FCD3DD9003BF21A /* Main.storyboard */,
				6737C73A1FCD3DD9003BF21A /* Assets.xcassets */,
				6737C73C1FCD3DD9003BF21A /* LaunchScreen.storyboard */,
				6737C73F1FCD3DD9003BF21A /* Info.plist */,
				6737C7401FCD3DD9003BF21A /* main.m */,
			);
			path = "LiveSDK-iOS";
			sourceTree = "<group>";
		};
		6737C7471FCD4F89003BF21A /* Frameworks */ = {
			isa = PBXGroup;
			children = (
				6737C7481FCD4F89003BF21A /* PLVLiveSDK.framework */,
				077E47FCB4E15CBBB39E4B59 /* Pods_LiveSDK_iOS.framework */,
			);
			path = Frameworks;
			sourceTree = "<group>";
		};
/* End PBXGroup section */

/* Begin PBXNativeTarget section */
		6737C72D1FCD3DD9003BF21A /* LiveSDK-iOS */ = {
			isa = PBXNativeTarget;
			buildConfigurationList = 6737C7441FCD3DD9003BF21A /* Build configuration list for PBXNativeTarget "LiveSDK-iOS" */;
			buildPhases = (
				BC0F01FDEF75AB70D2A60A4A /* [CP] Check Pods Manifest.lock */,
				6737C72A1FCD3DD9003BF21A /* Sources */,
				6737C72B1FCD3DD9003BF21A /* Frameworks */,
				6737C72C1FCD3DD9003BF21A /* Resources */,
				600E8B631FF056DE44A1000C /* [CP] Embed Pods Frameworks */,
				1EC82369C071BDC72851CEB0 /* [CP] Copy Pods Resources */,
			);
			buildRules = (
			);
			dependencies = (
			);
			name = "LiveSDK-iOS";
			productName = "LiveSDK-iOS";
			productReference = 6737C72E1FCD3DD9003BF21A /* LiveSDK-iOS.app */;
			productType = "com.apple.product-type.application";
		};
/* End PBXNativeTarget section */

/* Begin PBXProject section */
		6737C7261FCD3DD9003BF21A /* Project object */ = {
			isa = PBXProject;
			attributes = {
				LastUpgradeCheck = 0910;
				ORGANIZATIONNAME = easefun;
				TargetAttributes = {
					6737C72D1FCD3DD9003BF21A = {
						CreatedOnToolsVersion = 9.1;
						ProvisioningStyle = Automatic;
					};
				};
			};
			buildConfigurationList = 6737C7291FCD3DD9003BF21A /* Build configuration list for PBXProject "LiveSDK-iOS" */;
			compatibilityVersion = "Xcode 8.0";
			developmentRegion = en;
			hasScannedForEncodings = 0;
			knownRegions = (
				en,
				Base,
			);
			mainGroup = 6737C7251FCD3DD9003BF21A;
			productRefGroup = 6737C72F1FCD3DD9003BF21A /* Products */;
			projectDirPath = "";
			projectRoot = "";
			targets = (
				6737C72D1FCD3DD9003BF21A /* LiveSDK-iOS */,
			);
		};
/* End PBXProject section */

/* Begin PBXResourcesBuildPhase section */
		6737C72C1FCD3DD9003BF21A /* Resources */ = {
			isa = PBXResourcesBuildPhase;
			buildActionMask = 2147483647;
			files = (
				6737C73E1FCD3DD9003BF21A /* LaunchScreen.storyboard in Resources */,
				6737C73B1FCD3DD9003BF21A /* Assets.xcassets in Resources */,
				6737C7391FCD3DD9003BF21A /* Main.storyboard in Resources */,
			);
			runOnlyForDeploymentPostprocessing = 0;
		};
/* End PBXResourcesBuildPhase section */

/* Begin PBXShellScriptBuildPhase section */
		1EC82369C071BDC72851CEB0 /* [CP] Copy Pods Resources */ = {
			isa = PBXShellScriptBuildPhase;
			buildActionMask = 2147483647;
			files = (
			);
			inputPaths = (
			);
			name = "[CP] Copy Pods Resources";
			outputPaths = (
			);
			runOnlyForDeploymentPostprocessing = 0;
			shellPath = /bin/sh;
			shellScript = "\"${SRCROOT}/Pods/Target Support Files/Pods-LiveSDK-iOS/Pods-LiveSDK-iOS-resources.sh\"\n";
			showEnvVarsInLog = 0;
		};
		600E8B631FF056DE44A1000C /* [CP] Embed Pods Frameworks */ = {
			isa = PBXShellScriptBuildPhase;
			buildActionMask = 2147483647;
			files = (
			);
			inputPaths = (
			);
			name = "[CP] Embed Pods Frameworks";
			outputPaths = (
			);
			runOnlyForDeploymentPostprocessing = 0;
			shellPath = /bin/sh;
			shellScript = "\"${SRCROOT}/Pods/Target Support Files/Pods-LiveSDK-iOS/Pods-LiveSDK-iOS-frameworks.sh\"\n";
			showEnvVarsInLog = 0;
		};
		BC0F01FDEF75AB70D2A60A4A /* [CP] Check Pods Manifest.lock */ = {
			isa = PBXShellScriptBuildPhase;
			buildActionMask = 2147483647;
			files = (
			);
			inputPaths = (
			);
			name = "[CP] Check Pods Manifest.lock";
			outputPaths = (
			);
			runOnlyForDeploymentPostprocessing = 0;
			shellPath = /bin/sh;
			shellScript = "diff \"${PODS_ROOT}/../Podfile.lock\" \"${PODS_ROOT}/Manifest.lock\" > /dev/null\nif [ $? != 0 ] ; then\n    # print error to STDERR\n    echo \"error: The sandbox is not in sync with the Podfile.lock. Run 'pod install' or update your CocoaPods installation.\" >&2\n    exit 1\nfi\n";
			showEnvVarsInLog = 0;
		};
/* End PBXShellScriptBuildPhase section */

/* Begin PBXSourcesBuildPhase section */
		6737C72A1FCD3DD9003BF21A /* Sources */ = {
			isa = PBXSourcesBuildPhase;
			buildActionMask = 2147483647;
			files = (
				6737C7361FCD3DD9003BF21A /* ViewController.m in Sources */,
				6737C7411FCD3DD9003BF21A /* main.m in Sources */,
				6737C7331FCD3DD9003BF21A /* AppDelegate.m in Sources */,
			);
			runOnlyForDeploymentPostprocessing = 0;
		};
/* End PBXSourcesBuildPhase section */

/* Begin PBXVariantGroup section */
		6737C7371FCD3DD9003BF21A /* Main.storyboard */ = {
			isa = PBXVariantGroup;
			children = (
				6737C7381FCD3DD9003BF21A /* Base */,
			);
			name = Main.storyboard;
			sourceTree = "<group>";
		};
		6737C73C1FCD3DD9003BF21A /* LaunchScreen.storyboard */ = {
			isa = PBXVariantGroup;
			children = (
				6737C73D1FCD3DD9003BF21A /* Base */,
			);
			name = LaunchScreen.storyboard;
			sourceTree = "<group>";
		};
/* End PBXVariantGroup section */

/* Begin XCBuildConfiguration section */
		6737C7421FCD3DD9003BF21A /* Debug */ = {
			isa = XCBuildConfiguration;
			buildSettings = {
				ALWAYS_SEARCH_USER_PATHS = NO;
				CLANG_ANALYZER_NONNULL = YES;
				CLANG_ANALYZER_NUMBER_OBJECT_CONVERSION = YES_AGGRESSIVE;
				CLANG_CXX_LANGUAGE_STANDARD = "gnu++14";
				CLANG_CXX_LIBRARY = "libc++";
				CLANG_ENABLE_MODULES = YES;
				CLANG_ENABLE_OBJC_ARC = YES;
				CLANG_WARN_BLOCK_CAPTURE_AUTORELEASING = YES;
				CLANG_WARN_BOOL_CONVERSION = YES;
				CLANG_WARN_COMMA = YES;
				CLANG_WARN_CONSTANT_CONVERSION = YES;
				CLANG_WARN_DIRECT_OBJC_ISA_USAGE = YES_ERROR;
				CLANG_WARN_DOCUMENTATION_COMMENTS = YES;
				CLANG_WARN_EMPTY_BODY = YES;
				CLANG_WARN_ENUM_CONVERSION = YES;
				CLANG_WARN_INFINITE_RECURSION = YES;
				CLANG_WARN_INT_CONVERSION = YES;
				CLANG_WARN_NON_LITERAL_NULL_CONVERSION = YES;
				CLANG_WARN_OBJC_LITERAL_CONVERSION = YES;
				CLANG_WARN_OBJC_ROOT_CLASS = YES_ERROR;
				CLANG_WARN_RANGE_LOOP_ANALYSIS = YES;
				CLANG_WARN_STRICT_PROTOTYPES = YES;
				CLANG_WARN_SUSPICIOUS_MOVE = YES;
				CLANG_WARN_UNGUARDED_AVAILABILITY = YES_AGGRESSIVE;
				CLANG_WARN_UNREACHABLE_CODE = YES;
				CLANG_WARN__DUPLICATE_METHOD_MATCH = YES;
				CODE_SIGN_IDENTITY = "iPhone Developer";
				COPY_PHASE_STRIP = NO;
				DEBUG_INFORMATION_FORMAT = dwarf;
				ENABLE_STRICT_OBJC_MSGSEND = YES;
				ENABLE_TESTABILITY = YES;
				GCC_C_LANGUAGE_STANDARD = gnu11;
				GCC_DYNAMIC_NO_PIC = NO;
				GCC_NO_COMMON_BLOCKS = YES;
				GCC_OPTIMIZATION_LEVEL = 0;
				GCC_PREPROCESSOR_DEFINITIONS = (
					"DEBUG=1",
					"$(inherited)",
				);
				GCC_WARN_64_TO_32_BIT_CONVERSION = YES;
				GCC_WARN_ABOUT_RETURN_TYPE = YES_ERROR;
				GCC_WARN_UNDECLARED_SELECTOR = YES;
				GCC_WARN_UNINITIALIZED_AUTOS = YES_AGGRESSIVE;
				GCC_WARN_UNUSED_FUNCTION = YES;
				GCC_WARN_UNUSED_VARIABLE = YES;
				IPHONEOS_DEPLOYMENT_TARGET = 11.1;
				MTL_ENABLE_DEBUG_INFO = YES;
				ONLY_ACTIVE_ARCH = YES;
				SDKROOT = iphoneos;
			};
			name = Debug;
		};
		6737C7431FCD3DD9003BF21A /* Release */ = {
			isa = XCBuildConfiguration;
			buildSettings = {
				ALWAYS_SEARCH_USER_PATHS = NO;
				CLANG_ANALYZER_NONNULL = YES;
				CLANG_ANALYZER_NUMBER_OBJECT_CONVERSION = YES_AGGRESSIVE;
				CLANG_CXX_LANGUAGE_STANDARD = "gnu++14";
				CLANG_CXX_LIBRARY = "libc++";
				CLANG_ENABLE_MODULES = YES;
				CLANG_ENABLE_OBJC_ARC = YES;
				CLANG_WARN_BLOCK_CAPTURE_AUTORELEASING = YES;
				CLANG_WARN_BOOL_CONVERSION = YES;
				CLANG_WARN_COMMA = YES;
				CLANG_WARN_CONSTANT_CONVERSION = YES;
				CLANG_WARN_DIRECT_OBJC_ISA_USAGE = YES_ERROR;
				CLANG_WARN_DOCUMENTATION_COMMENTS = YES;
				CLANG_WARN_EMPTY_BODY = YES;
				CLANG_WARN_ENUM_CONVERSION = YES;
				CLANG_WARN_INFINITE_RECURSION = YES;
				CLANG_WARN_INT_CONVERSION = YES;
				CLANG_WARN_NON_LITERAL_NULL_CONVERSION = YES;
				CLANG_WARN_OBJC_LITERAL_CONVERSION = YES;
				CLANG_WARN_OBJC_ROOT_CLASS = YES_ERROR;
				CLANG_WARN_RANGE_LOOP_ANALYSIS = YES;
				CLANG_WARN_STRICT_PROTOTYPES = YES;
				CLANG_WARN_SUSPICIOUS_MOVE = YES;
				CLANG_WARN_UNGUARDED_AVAILABILITY = YES_AGGRESSIVE;
				CLANG_WARN_UNREACHABLE_CODE = YES;
				CLANG_WARN__DUPLICATE_METHOD_MATCH = YES;
				CODE_SIGN_IDENTITY = "iPhone Developer";
				COPY_PHASE_STRIP = NO;
				DEBUG_INFORMATION_FORMAT = "dwarf-with-dsym";
				ENABLE_NS_ASSERTIONS = NO;
				ENABLE_STRICT_OBJC_MSGSEND = YES;
				GCC_C_LANGUAGE_STANDARD = gnu11;
				GCC_NO_COMMON_BLOCKS = YES;
				GCC_WARN_64_TO_32_BIT_CONVERSION = YES;
				GCC_WARN_ABOUT_RETURN_TYPE = YES_ERROR;
				GCC_WARN_UNDECLARED_SELECTOR = YES;
				GCC_WARN_UNINITIALIZED_AUTOS = YES_AGGRESSIVE;
				GCC_WARN_UNUSED_FUNCTION = YES;
				GCC_WARN_UNUSED_VARIABLE = YES;
				IPHONEOS_DEPLOYMENT_TARGET = 11.1;
				MTL_ENABLE_DEBUG_INFO = NO;
				SDKROOT = iphoneos;
				VALIDATE_PRODUCT = YES;
			};
			name = Release;
		};
		6737C7451FCD3DD9003BF21A /* Debug */ = {
			isa = XCBuildConfiguration;
			baseConfigurationReference = F99CF2AC7CEA450E2313C2E7 /* Pods-LiveSDK-iOS.debug.xcconfig */;
			buildSettings = {
				ASSETCATALOG_COMPILER_APPICON_NAME = AppIcon;
				CODE_SIGN_STYLE = Automatic;
				DEVELOPMENT_TEAM = "";
				FRAMEWORK_SEARCH_PATHS = (
					"$(inherited)",
					"$(PROJECT_DIR)/Frameworks",
				);
				INFOPLIST_FILE = "LiveSDK-iOS/Info.plist";
				IPHONEOS_DEPLOYMENT_TARGET = 9.0;
				LD_RUNPATH_SEARCH_PATHS = "$(inherited) @executable_path/Frameworks";
				PRODUCT_BUNDLE_IDENTIFIER = "net.polyv.LiveSDK-iOS";
				PRODUCT_NAME = "$(TARGET_NAME)";
				TARGETED_DEVICE_FAMILY = "1,2";
			};
			name = Debug;
		};
		6737C7461FCD3DD9003BF21A /* Release */ = {
			isa = XCBuildConfiguration;
			baseConfigurationReference = 95D932CE18BF03E363DE3C71 /* Pods-LiveSDK-iOS.release.xcconfig */;
			buildSettings = {
				ASSETCATALOG_COMPILER_APPICON_NAME = AppIcon;
				CODE_SIGN_STYLE = Automatic;
				DEVELOPMENT_TEAM = "";
				FRAMEWORK_SEARCH_PATHS = (
					"$(inherited)",
					"$(PROJECT_DIR)/Frameworks",
				);
				INFOPLIST_FILE = "LiveSDK-iOS/Info.plist";
				IPHONEOS_DEPLOYMENT_TARGET = 9.0;
				LD_RUNPATH_SEARCH_PATHS = "$(inherited) @executable_path/Frameworks";
				PRODUCT_BUNDLE_IDENTIFIER = "net.polyv.LiveSDK-iOS";
				PRODUCT_NAME = "$(TARGET_NAME)";
				TARGETED_DEVICE_FAMILY = "1,2";
			};
			name = Release;
		};
/* End XCBuildConfiguration section */

/* Begin XCConfigurationList section */
		6737C7291FCD3DD9003BF21A /* Build configuration list for PBXProject "LiveSDK-iOS" */ = {
			isa = XCConfigurationList;
			buildConfigurations = (
				6737C7421FCD3DD9003BF21A /* Debug */,
				6737C7431FCD3DD9003BF21A /* Release */,
			);
			defaultConfigurationIsVisible = 0;
			defaultConfigurationName = Release;
		};
		6737C7441FCD3DD9003BF21A /* Build configuration list for PBXNativeTarget "LiveSDK-iOS" */ = {
			isa = XCConfigurationList;
			buildConfigurations = (
				6737C7451FCD3DD9003BF21A /* Debug */,
				6737C7461FCD3DD9003BF21A /* Release */,
			);
			defaultConfigurationIsVisible = 0;
			defaultConfigurationName = Release;
		};
/* End XCConfigurationList section */
	};
	rootObject = 6737C7261FCD3DD9003BF21A /* Project object */;
}
